<?xml version="1.0" encoding="UTF-8"?>
<Project ToolsVersion="12.0" xmlns="http://schemas.microsoft.com/developer/msbuild/2003">
  <ItemGroup>
    <ClCompile Include="C:\Users\fuyanzhi\Desktop\cef_binary_3.2526.1366.g8617e7c_windows32\cefsimple\simple_app.cc">
      <Filter>cefsimple</Filter>
    </ClCompile>
    <ClCompile Include="C:\Users\fuyanzhi\Desktop\cef_binary_3.2526.1366.g8617e7c_windows32\cefsimple\simple_handler.cc">
      <Filter>cefsimple</Filter>
    </ClCompile>
    <ClCompile Include="C:\Users\fuyanzhi\Desktop\cef_binary_3.2526.1366.g8617e7c_windows32\cefsimple\cefsimple_win.cc">
      <Filter>cefsimple</Filter>
    </ClCompile>
    <ClCompile Include="C:\Users\fuyanzhi\Desktop\cef_binary_3.2526.1366.g8617e7c_windows32\cefsimple\simple_handler_win.cc">
      <Filter>cefsimple</Filter>
    </ClCompile>
  </ItemGroup>
  <ItemGroup>
    <ClInclude Include="C:\Users\fuyanzhi\Desktop\cef_binary_3.2526.1366.g8617e7c_windows32\cefsimple\simple_app.h">
      <Filter>cefsimple</Filter>
    </ClInclude>
    <ClInclude Include="C:\Users\fuyanzhi\Desktop\cef_binary_3.2526.1366.g8617e7c_windows32\cefsimple\simple_handler.h">
      <Filter>cefsimple</Filter>
    </ClInclude>
    <ClInclude Include="C:\Users\fuyanzhi\Desktop\cef_binary_3.2526.1366.g8617e7c_windows32\cefsimple\resource.h">
      <Filter>cefsimple</Filter>
    </ClInclude>
  </ItemGroup>
  <ItemGroup>
    <CustomBuild Include="C:\Users\fuyanzhi\Desktop\cef_binary_3.2526.1366.g8617e7c_windows32\cefsimple\CMakeLists.txt" />
  </ItemGroup>
  <ItemGroup>
    <None Include="C:\Users\fuyanzhi\Desktop\cef_binary_3.2526.1366.g8617e7c_windows32\cefsimple\res\cefsimple.ico">
      <Filter>cefsimple\res</Filter>
    </None>
    <None Include="C:\Users\fuyanzhi\Desktop\cef_binary_3.2526.1366.g8617e7c_windows32\cefsimple\res\small.ico">
      <Filter>cefsimple\res</Filter>
    </None>
  </ItemGroup>
  <ItemGroup>
    <ResourceCompile Include="C:\Users\fuyanzhi\Desktop\cef_binary_3.2526.1366.g8617e7c_windows32\cefsimple\cefsimple.rc">
      <Filter>cefsimple</Filter>
    </ResourceCompile>
  </ItemGroup>
  <ItemGroup>
    <Filter Include="cefsimple\res">
      <UniqueIdentifier>{2BEC01DD-D2F5-319E-AC6D-B4B83F187CDB}</UniqueIdentifier>
    </Filter>
    <Filter Include="cefsimple">
      <UniqueIdentifier>{B79E6EE4-77E9-3340-ACD3-0A1AE7F61C39}</UniqueIdentifier>
    </Filter>
  </ItemGroup>
</Project>
