Microsoft Visual Studio Solution File, Format Version 12.00
# Visual Studio 2013
Project("{8BC9CEB8-8B4A-11D0-8D11-00A0C91BC942}") = "ALL_BUILD", "ALL_BUILD.vcxproj", "{AF7E713F-918A-3339-BC8A-B3437EFBCB74}"
	ProjectSection(ProjectDependencies) = postProject
		{B775A93C-374B-3D85-94EB-03EC6889700F} = {B775A93C-374B-3D85-94EB-03EC6889700F}
		{AEA7FD59-42C9-3A20-9B52-8C0BCA9A92CB} = {AEA7FD59-42C9-3A20-9B52-8C0BCA9A92CB}
	EndProjectSection
EndProject
Project("{8BC9CEB8-8B4A-11D0-8D11-00A0C91BC942}") = "ZERO_CHECK", "ZERO_CHECK.vcxproj", "{B775A93C-374B-3D85-94EB-03EC6889700F}"
	ProjectSection(ProjectDependencies) = postProject
	EndProjectSection
EndProject
Project("{8BC9CEB8-8B4A-11D0-8D11-00A0C91BC942}") = "libcef_dll_wrapper", "libcef_dll_wrapper.vcxproj", "{AEA7FD59-42C9-3A20-9B52-8C0BCA9A92CB}"
	ProjectSection(ProjectDependencies) = postProject
		{B775A93C-374B-3D85-94EB-03EC6889700F} = {B775A93C-374B-3D85-94EB-03EC6889700F}
	EndProjectSection
EndProject
Global
	GlobalSection(SolutionConfigurationPlatforms) = preSolution
		Debug|Win32 = Debug|Win32
		Release|Win32 = Release|Win32
		MinSizeRel|Win32 = MinSizeRel|Win32
		RelWithDebInfo|Win32 = RelWithDebInfo|Win32
	EndGlobalSection
	GlobalSection(ProjectConfigurationPlatforms) = postSolution
		{AF7E713F-918A-3339-BC8A-B3437EFBCB74}.Debug|Win32.ActiveCfg = Debug|Win32
		{AF7E713F-918A-3339-BC8A-B3437EFBCB74}.Release|Win32.ActiveCfg = Release|Win32
		{AF7E713F-918A-3339-BC8A-B3437EFBCB74}.MinSizeRel|Win32.ActiveCfg = MinSizeRel|Win32
		{AF7E713F-918A-3339-BC8A-B3437EFBCB74}.RelWithDebInfo|Win32.ActiveCfg = RelWithDebInfo|Win32
		{B775A93C-374B-3D85-94EB-03EC6889700F}.Debug|Win32.ActiveCfg = Debug|Win32
		{B775A93C-374B-3D85-94EB-03EC6889700F}.Debug|Win32.Build.0 = Debug|Win32
		{B775A93C-374B-3D85-94EB-03EC6889700F}.Release|Win32.ActiveCfg = Release|Win32
		{B775A93C-374B-3D85-94EB-03EC6889700F}.Release|Win32.Build.0 = Release|Win32
		{B775A93C-374B-3D85-94EB-03EC6889700F}.MinSizeRel|Win32.ActiveCfg = MinSizeRel|Win32
		{B775A93C-374B-3D85-94EB-03EC6889700F}.MinSizeRel|Win32.Build.0 = MinSizeRel|Win32
		{B775A93C-374B-3D85-94EB-03EC6889700F}.RelWithDebInfo|Win32.ActiveCfg = RelWithDebInfo|Win32
		{B775A93C-374B-3D85-94EB-03EC6889700F}.RelWithDebInfo|Win32.Build.0 = RelWithDebInfo|Win32
		{AEA7FD59-42C9-3A20-9B52-8C0BCA9A92CB}.Debug|Win32.ActiveCfg = Debug|Win32
		{AEA7FD59-42C9-3A20-9B52-8C0BCA9A92CB}.Debug|Win32.Build.0 = Debug|Win32
		{AEA7FD59-42C9-3A20-9B52-8C0BCA9A92CB}.Release|Win32.ActiveCfg = Release|Win32
		{AEA7FD59-42C9-3A20-9B52-8C0BCA9A92CB}.Release|Win32.Build.0 = Release|Win32
		{AEA7FD59-42C9-3A20-9B52-8C0BCA9A92CB}.MinSizeRel|Win32.ActiveCfg = MinSizeRel|Win32
		{AEA7FD59-42C9-3A20-9B52-8C0BCA9A92CB}.MinSizeRel|Win32.Build.0 = MinSizeRel|Win32
		{AEA7FD59-42C9-3A20-9B52-8C0BCA9A92CB}.RelWithDebInfo|Win32.ActiveCfg = RelWithDebInfo|Win32
		{AEA7FD59-42C9-3A20-9B52-8C0BCA9A92CB}.RelWithDebInfo|Win32.Build.0 = RelWithDebInfo|Win32
	EndGlobalSection
	GlobalSection(ExtensibilityGlobals) = postSolution
	EndGlobalSection
	GlobalSection(ExtensibilityAddIns) = postSolution
	EndGlobalSection
EndGlobal
