<?xml version="1.0" encoding="UTF-8"?>
<Project ToolsVersion="12.0" xmlns="http://schemas.microsoft.com/developer/msbuild/2003">
  <ItemGroup>
    <CustomBuild Include="C:\Users\fuyanzhi\Desktop\cef_binary_3.2526.1366.g8617e7c_windows32\libcef_dll\CMakeFiles\d30f59973ead2e042c68097554a7f070\generate.stamp.rule">
      <Filter>CMake Rules</Filter>
    </CustomBuild>
  </ItemGroup>
  <ItemGroup>
    <Filter Include="CMake Rules">
      <UniqueIdentifier>{ECEAEE05-FE13-3B7C-ADA7-4F2A5A9D9695}</UniqueIdentifier>
    </Filter>
  </ItemGroup>
</Project>
